
Microsoft Visual Studio Solution File, Format Version 12.00
# Visual Studio 2012
Project("{FAE04EC0-301F-11D3-BF4B-00C04F79EFBC}") = "ePubIntegratorClient", "ePubIntegratorClient\ePubIntegratorClient.csproj", "{F4387527-F64D-482F-9A98-5D80008B2E66}"
EndProject
Project("{FAE04EC0-301F-11D3-BF4B-00C04F79EFBC}") = "ServiceePubCloud", "ServiceePubCloud\ServiceePubCloud.csproj", "{C7276289-B8A3-4944-B271-79E71C321B13}"
EndProject
Project("{FAE04EC0-301F-11D3-BF4B-00C04F79EFBC}") = "ClassLibraryePub", "ClassLibraryePub\ClassLibraryePub.csproj", "{6B00FE33-2BD6-485F-B5CD-14FCEF20A5AA}"
EndProject
Project("{FAE04EC0-301F-11D3-BF4B-00C04F79EFBC}") = "ePubCloudDatabase", "ClassLibrary1\ePubCloudDatabase.csproj", "{E4674751-F133-4A38-9208-0721C73BAEF5}"
EndProject
Global
	GlobalSection(SolutionConfigurationPlatforms) = preSolution
		Debug|Any CPU = Debug|Any CPU
		Release|Any CPU = Release|Any CPU
	EndGlobalSection
	GlobalSection(ProjectConfigurationPlatforms) = postSolution
		{F4387527-F64D-482F-9A98-5D80008B2E66}.Debug|Any CPU.ActiveCfg = Debug|Any CPU
		{F4387527-F64D-482F-9A98-5D80008B2E66}.Debug|Any CPU.Build.0 = Debug|Any CPU
		{F4387527-F64D-482F-9A98-5D80008B2E66}.Release|Any CPU.ActiveCfg = Release|Any CPU
		{F4387527-F64D-482F-9A98-5D80008B2E66}.Release|Any CPU.Build.0 = Release|Any CPU
		{C7276289-B8A3-4944-B271-79E71C321B13}.Debug|Any CPU.ActiveCfg = Debug|Any CPU
		{C7276289-B8A3-4944-B271-79E71C321B13}.Debug|Any CPU.Build.0 = Debug|Any CPU
		{C7276289-B8A3-4944-B271-79E71C321B13}.Release|Any CPU.ActiveCfg = Release|Any CPU
		{C7276289-B8A3-4944-B271-79E71C321B13}.Release|Any CPU.Build.0 = Release|Any CPU
		{6B00FE33-2BD6-485F-B5CD-14FCEF20A5AA}.Debug|Any CPU.ActiveCfg = Debug|Any CPU
		{6B00FE33-2BD6-485F-B5CD-14FCEF20A5AA}.Debug|Any CPU.Build.0 = Debug|Any CPU
		{6B00FE33-2BD6-485F-B5CD-14FCEF20A5AA}.Release|Any CPU.ActiveCfg = Release|Any CPU
		{6B00FE33-2BD6-485F-B5CD-14FCEF20A5AA}.Release|Any CPU.Build.0 = Release|Any CPU
		{E4674751-F133-4A38-9208-0721C73BAEF5}.Debug|Any CPU.ActiveCfg = Debug|Any CPU
		{E4674751-F133-4A38-9208-0721C73BAEF5}.Debug|Any CPU.Build.0 = Debug|Any CPU
		{E4674751-F133-4A38-9208-0721C73BAEF5}.Release|Any CPU.ActiveCfg = Release|Any CPU
		{E4674751-F133-4A38-9208-0721C73BAEF5}.Release|Any CPU.Build.0 = Release|Any CPU
	EndGlobalSection
	GlobalSection(SolutionProperties) = preSolution
		HideSolutionNode = FALSE
	EndGlobalSection
EndGlobal
